{
  "version": 4,
  "terraform_version": "1.3.6",
  "serial": 31,
  "lineage": "2fca040e-da7a-6613-5700-0995e698bcad",
  "outputs": {
    "external_ip_address_vm_1": {
      "value": "84.201.160.21",
      "type": "string"
    },
    "internal_ip_address_vm_1": {
      "value": "10.129.0.14",
      "type": "string"
    }
  },
  "resources": [
    {
      "mode": "managed",
      "type": "yandex_compute_instance",
      "name": "master",
      "provider": "provider[\"registry.terraform.io/yandex-cloud/yandex\"]",
      "instances": [
        {
          "schema_version": 1,
          "attributes": {
            "allow_recreate": null,
            "allow_stopping_for_update": null,
            "boot_disk": [
              {
                "auto_delete": true,
                "device_name": "epdtmg69b4njabfuen15",
                "disk_id": "epdtmg69b4njabfuen15",
                "initialize_params": [
                  {
                    "block_size": 4096,
                    "description": "",
                    "image_id": "fd8g5c4veh7l0m27sv1k",
                    "name": "",
                    "size": 30,
                    "snapshot_id": "",
                    "type": "network-hdd"
                  }
                ],
                "mode": "READ_WRITE"
              }
            ],
            "created_at": "2022-12-27T18:52:25Z",
            "description": "",
            "filesystem": [],
            "folder_id": "b1gagcsedqlnvngmi1nl",
            "fqdn": "epddlb8s0nubr0hhtrcl.auto.internal",
            "hostname": "",
            "id": "epddlb8s0nubr0hhtrcl",
            "labels": null,
            "local_disk": [],
            "metadata": {
              "ssh-keys": "ubuntu:ssh-rsa AAAAB3NzaC1yc2EAAAADAQABAAABgQCRoiTDxDVvymhcHNBq8IcJThs2FpCd4O1ntR17Xg1TTBlf2VK9RMBros83i9zm2b8uCIm9D9ZUBvuo20ERGR0yN8CFU8QP4D3iDh9SXjkSn1oplNZJRe2cG20Zbyu+BfpSU+BXxixw+ZqMf1xWqvcoRCTfhApjfYf4dpB/Dveug3O9QRvhP2PGTKnb16GE7UNleCyzcXilPgSclxHoYE8GHTRphghPv/5GfItOX+fUY5wPd8SKYOVBzU3LFFICF+oekyEveaxh7ohqreywO86olrxK0wowD92I2+WthhtXl63+FFK/HF4NHNMMJAhG8413R2jeVVSI3zl2ZMbt4dO64zrC9PLBoVaIhsQ7inNCO6g0ETdnVQURw6bkSRjSATtpyhDpe0KtrXHf/wtDE6Wk1Q36hxcANeEL/nhicYK2Bi/wEEZ6W+qeuhiPkZzb9mXAUG6zj7h6tIBTKuUCZhDO/xbO9gP0wfQocV5LkYcabwyZdLe204panxlOhTZ2i08= vladimir@hp\n",
              "user-data": "ubuntu:#!/bin/bash\nsudo apt update\nsudo apt install docker\n"
            },
            "metadata_options": [
              {
                "aws_v1_http_endpoint": 1,
                "aws_v1_http_token": 1,
                "gce_http_endpoint": 1,
                "gce_http_token": 1
              }
            ],
            "name": "master",
            "network_acceleration_type": "standard",
            "network_interface": [
              {
                "dns_record": [],
                "index": 0,
                "ip_address": "10.129.0.14",
                "ipv4": true,
                "ipv6": false,
                "ipv6_address": "",
                "ipv6_dns_record": [],
                "mac_address": "d0:0d:da:ad:1c:05",
                "nat": true,
                "nat_dns_record": [],
                "nat_ip_address": "84.201.160.21",
                "nat_ip_version": "IPV4",
                "security_group_ids": [],
                "subnet_id": "e2lrd6h5la4p4md3f42m"
              }
            ],
            "placement_policy": [
              {
                "host_affinity_rules": [],
                "placement_group_id": ""
              }
            ],
            "platform_id": "standard-v1",
            "resources": [
              {
                "core_fraction": 100,
                "cores": 2,
                "gpus": 0,
                "memory": 2
              }
            ],
            "scheduling_policy": [
              {
                "preemptible": false
              }
            ],
            "secondary_disk": [],
            "service_account_id": "",
            "status": "running",
            "timeouts": null,
            "zone": "ru-central1-b"
          },
          "sensitive_attributes": [],
          "private": "eyJlMmJmYjczMC1lY2FhLTExZTYtOGY4OC0zNDM2M2JjN2M0YzAiOnsiY3JlYXRlIjozMDAwMDAwMDAwMDAsImRlbGV0ZSI6MzAwMDAwMDAwMDAwLCJ1cGRhdGUiOjMwMDAwMDAwMDAwMH0sInNjaGVtYV92ZXJzaW9uIjoiMSJ9"
        }
      ]
    },
    {
      "mode": "managed",
      "type": "yandex_compute_instance",
      "name": "worker",
      "provider": "provider[\"registry.terraform.io/yandex-cloud/yandex\"]",
      "instances": [
        {
          "index_key": 0,
          "schema_version": 1,
          "attributes": {
            "allow_recreate": null,
            "allow_stopping_for_update": null,
            "boot_disk": [
              {
                "auto_delete": true,
                "device_name": "epdq00q4h13rciqsllcd",
                "disk_id": "epdq00q4h13rciqsllcd",
                "initialize_params": [
                  {
                    "block_size": 4096,
                    "description": "",
                    "image_id": "fd8g5c4veh7l0m27sv1k",
                    "name": "",
                    "size": 30,
                    "snapshot_id": "",
                    "type": "network-hdd"
                  }
                ],
                "mode": "READ_WRITE"
              }
            ],
            "created_at": "2022-12-27T18:52:25Z",
            "description": "",
            "filesystem": [],
            "folder_id": "b1gagcsedqlnvngmi1nl",
            "fqdn": "epdd8lrmii4llkh2pekp.auto.internal",
            "hostname": "",
            "id": "epdd8lrmii4llkh2pekp",
            "labels": null,
            "local_disk": [],
            "metadata": {
              "ssh-keys": "ubuntu:ssh-rsa AAAAB3NzaC1yc2EAAAADAQABAAABgQCRoiTDxDVvymhcHNBq8IcJThs2FpCd4O1ntR17Xg1TTBlf2VK9RMBros83i9zm2b8uCIm9D9ZUBvuo20ERGR0yN8CFU8QP4D3iDh9SXjkSn1oplNZJRe2cG20Zbyu+BfpSU+BXxixw+ZqMf1xWqvcoRCTfhApjfYf4dpB/Dveug3O9QRvhP2PGTKnb16GE7UNleCyzcXilPgSclxHoYE8GHTRphghPv/5GfItOX+fUY5wPd8SKYOVBzU3LFFICF+oekyEveaxh7ohqreywO86olrxK0wowD92I2+WthhtXl63+FFK/HF4NHNMMJAhG8413R2jeVVSI3zl2ZMbt4dO64zrC9PLBoVaIhsQ7inNCO6g0ETdnVQURw6bkSRjSATtpyhDpe0KtrXHf/wtDE6Wk1Q36hxcANeEL/nhicYK2Bi/wEEZ6W+qeuhiPkZzb9mXAUG6zj7h6tIBTKuUCZhDO/xbO9gP0wfQocV5LkYcabwyZdLe204panxlOhTZ2i08= vladimir@hp\n"
            },
            "metadata_options": [
              {
                "aws_v1_http_endpoint": 1,
                "aws_v1_http_token": 1,
                "gce_http_endpoint": 1,
                "gce_http_token": 1
              }
            ],
            "name": "",
            "network_acceleration_type": "standard",
            "network_interface": [
              {
                "dns_record": [],
                "index": 0,
                "ip_address": "10.129.0.21",
                "ipv4": true,
                "ipv6": false,
                "ipv6_address": "",
                "ipv6_dns_record": [],
                "mac_address": "d0:0d:d4:57:76:94",
                "nat": true,
                "nat_dns_record": [],
                "nat_ip_address": "51.250.26.242",
                "nat_ip_version": "IPV4",
                "security_group_ids": [],
                "subnet_id": "e2lrd6h5la4p4md3f42m"
              }
            ],
            "placement_policy": [
              {
                "host_affinity_rules": [],
                "placement_group_id": ""
              }
            ],
            "platform_id": "standard-v1",
            "resources": [
              {
                "core_fraction": 100,
                "cores": 2,
                "gpus": 0,
                "memory": 2
              }
            ],
            "scheduling_policy": [
              {
                "preemptible": false
              }
            ],
            "secondary_disk": [],
            "service_account_id": "",
            "status": "running",
            "timeouts": null,
            "zone": "ru-central1-b"
          },
          "sensitive_attributes": [],
          "private": "eyJlMmJmYjczMC1lY2FhLTExZTYtOGY4OC0zNDM2M2JjN2M0YzAiOnsiY3JlYXRlIjozMDAwMDAwMDAwMDAsImRlbGV0ZSI6MzAwMDAwMDAwMDAwLCJ1cGRhdGUiOjMwMDAwMDAwMDAwMH0sInNjaGVtYV92ZXJzaW9uIjoiMSJ9"
        },
        {
          "index_key": 1,
          "schema_version": 1,
          "attributes": {
            "allow_recreate": null,
            "allow_stopping_for_update": null,
            "boot_disk": [
              {
                "auto_delete": true,
                "device_name": "epdcu71jb8sjq5b49qkt",
                "disk_id": "epdcu71jb8sjq5b49qkt",
                "initialize_params": [
                  {
                    "block_size": 4096,
                    "description": "",
                    "image_id": "fd8g5c4veh7l0m27sv1k",
                    "name": "",
                    "size": 30,
                    "snapshot_id": "",
                    "type": "network-hdd"
                  }
                ],
                "mode": "READ_WRITE"
              }
            ],
            "created_at": "2022-12-27T18:52:25Z",
            "description": "",
            "filesystem": [],
            "folder_id": "b1gagcsedqlnvngmi1nl",
            "fqdn": "epdckccr7kounbgd7roo.auto.internal",
            "hostname": "",
            "id": "epdckccr7kounbgd7roo",
            "labels": null,
            "local_disk": [],
            "metadata": {
              "ssh-keys": "ubuntu:ssh-rsa AAAAB3NzaC1yc2EAAAADAQABAAABgQCRoiTDxDVvymhcHNBq8IcJThs2FpCd4O1ntR17Xg1TTBlf2VK9RMBros83i9zm2b8uCIm9D9ZUBvuo20ERGR0yN8CFU8QP4D3iDh9SXjkSn1oplNZJRe2cG20Zbyu+BfpSU+BXxixw+ZqMf1xWqvcoRCTfhApjfYf4dpB/Dveug3O9QRvhP2PGTKnb16GE7UNleCyzcXilPgSclxHoYE8GHTRphghPv/5GfItOX+fUY5wPd8SKYOVBzU3LFFICF+oekyEveaxh7ohqreywO86olrxK0wowD92I2+WthhtXl63+FFK/HF4NHNMMJAhG8413R2jeVVSI3zl2ZMbt4dO64zrC9PLBoVaIhsQ7inNCO6g0ETdnVQURw6bkSRjSATtpyhDpe0KtrXHf/wtDE6Wk1Q36hxcANeEL/nhicYK2Bi/wEEZ6W+qeuhiPkZzb9mXAUG6zj7h6tIBTKuUCZhDO/xbO9gP0wfQocV5LkYcabwyZdLe204panxlOhTZ2i08= vladimir@hp\n"
            },
            "metadata_options": [
              {
                "aws_v1_http_endpoint": 1,
                "aws_v1_http_token": 1,
                "gce_http_endpoint": 1,
                "gce_http_token": 1
              }
            ],
            "name": "",
            "network_acceleration_type": "standard",
            "network_interface": [
              {
                "dns_record": [],
                "index": 0,
                "ip_address": "10.129.0.13",
                "ipv4": true,
                "ipv6": false,
                "ipv6_address": "",
                "ipv6_dns_record": [],
                "mac_address": "d0:0d:ca:31:9b:3d",
                "nat": true,
                "nat_dns_record": [],
                "nat_ip_address": "84.201.179.72",
                "nat_ip_version": "IPV4",
                "security_group_ids": [],
                "subnet_id": "e2lrd6h5la4p4md3f42m"
              }
            ],
            "placement_policy": [
              {
                "host_affinity_rules": [],
                "placement_group_id": ""
              }
            ],
            "platform_id": "standard-v1",
            "resources": [
              {
                "core_fraction": 100,
                "cores": 2,
                "gpus": 0,
                "memory": 2
              }
            ],
            "scheduling_policy": [
              {
                "preemptible": false
              }
            ],
            "secondary_disk": [],
            "service_account_id": "",
            "status": "running",
            "timeouts": null,
            "zone": "ru-central1-b"
          },
          "sensitive_attributes": [],
          "private": "eyJlMmJmYjczMC1lY2FhLTExZTYtOGY4OC0zNDM2M2JjN2M0YzAiOnsiY3JlYXRlIjozMDAwMDAwMDAwMDAsImRlbGV0ZSI6MzAwMDAwMDAwMDAwLCJ1cGRhdGUiOjMwMDAwMDAwMDAwMH0sInNjaGVtYV92ZXJzaW9uIjoiMSJ9"
        }
      ]
    }
  ],
  "check_results": null
}
